{
  "name": "some-commands",
  "lockfileVersion": 3,
  "requires": true,
  "packages": {
    "": {
      "name": "some-commands",
      "dependencies": {
        "@minecraft/server": "^1.17.0-beta.1.21.51-stable"
      }
    },
    "node_modules/@minecraft/common": {
      "version": "1.2.0",
      "resolved": "https://registry.npmjs.org/@minecraft/common/-/common-1.2.0.tgz",
      "integrity": "sha512-JdmEq4P3Z/FtoBzhLijFgMSVFnFRrUoLwY8DHHrgtFo0mfLTOLTB1RErYjLMsA6b7BGVNxkX/pfFRiH7QZ0XwQ==",
      "license": "MIT"
    },
    "node_modules/@minecraft/server": {
      "version": "1.17.0-rc.1.21.60-preview.24",
      "resolved": "https://registry.npmjs.org/@minecraft/server/-/server-1.17.0-rc.1.21.60-preview.24.tgz",
      "integrity": "sha512-s1q9KDKJmT/tOjV1b/oGFLz5nOc0ZoEPE7nYcWz1/gmE7qRSqasLJMtOkN1y9Gn5ZXBuystMXmfYi8iESZRSAw==",
      "license": "MIT",
      "dependencies": {
        "@minecraft/common": "^1.1.0"
      }
    }
  }
}
